
Microsoft Visual Studio Solution File, Format Version 12.00
# Visual Studio Version 17
VisualStudioVersion = 17.14.37012.4 d17.14
MinimumVisualStudioVersion = 10.0.40219.1
Project("{FAE04EC0-301F-11D3-BF4B-00C04F79EFBC}") = "LabTask2", "LabTask2\LabTask2.csproj", "{93232F5E-C1F5-469D-9EFE-3ADBDB3B2946}"
EndProject
Global
	GlobalSection(SolutionConfigurationPlatforms) = preSolution
		Debug|Any CPU = Debug|Any CPU
		Release|Any CPU = Release|Any CPU
	EndGlobalSection
	GlobalSection(ProjectConfigurationPlatforms) = postSolution
		{93232F5E-C1F5-469D-9EFE-3ADBDB3B2946}.Debug|Any CPU.ActiveCfg = Debug|Any CPU
		{93232F5E-C1F5-469D-9EFE-3ADBDB3B2946}.Debug|Any CPU.Build.0 = Debug|Any CPU
		{93232F5E-C1F5-469D-9EFE-3ADBDB3B2946}.Release|Any CPU.ActiveCfg = Release|Any CPU
		{93232F5E-C1F5-469D-9EFE-3ADBDB3B2946}.Release|Any CPU.Build.0 = Release|Any CPU
	EndGlobalSection
	GlobalSection(SolutionProperties) = preSolution
		HideSolutionNode = FALSE
	EndGlobalSection
	GlobalSection(ExtensibilityGlobals) = postSolution
		SolutionGuid = {9E9B3130-42CD-4233-BBD2-E59D0C703131}
	EndGlobalSection
EndGlobal
